<Project xmlns="http://schemas.microsoft.com/developer/msbuild/2003">
    <PropertyGroup>
        <ProjectGuid>{76f04bc7-a6dd-453f-9190-7b72f35bd69d}</ProjectGuid>
        <MainSource>ugtu.dpr</MainSource>
        <Configuration Condition=" '$(Configuration)' == '' ">Debug</Configuration>
        <DCC_DCCCompiler>DCC32</DCC_DCCCompiler>
        <DCC_DependencyCheckOutputName>ugtu.exe</DCC_DependencyCheckOutputName>
        <FrameworkType>VCL</FrameworkType>
        <ProjectVersion>15.4</ProjectVersion>
        <Base>True</Base>
        <Config Condition="'$(Config)'==''">Debug</Config>
        <Platform Condition="'$(Platform)'==''">Win32</Platform>
        <TargetedPlatforms>1</TargetedPlatforms>
        <AppType>Application</AppType>
    </PropertyGroup>
    <PropertyGroup Condition="'$(Config)'=='Base' or '$(Base)'!=''">
        <Base>true</Base>
    </PropertyGroup>
    <PropertyGroup Condition="('$(Platform)'=='Win32' and '$(Base)'=='true') or '$(Base_Win32)'!=''">
        <Base_Win32>true</Base_Win32>
        <CfgParent>Base</CfgParent>
        <Base>true</Base>
    </PropertyGroup>
    <PropertyGroup Condition="('$(Platform)'=='Win64' and '$(Base)'=='true') or '$(Base_Win64)'!=''">
        <Base_Win64>true</Base_Win64>
        <CfgParent>Base</CfgParent>
        <Base>true</Base>
    </PropertyGroup>
    <PropertyGroup Condition="'$(Config)'=='Release' or '$(Cfg_1)'!=''">
        <Cfg_1>true</Cfg_1>
        <CfgParent>Base</CfgParent>
        <Base>true</Base>
    </PropertyGroup>
    <PropertyGroup Condition="'$(Config)'=='Debug' or '$(Cfg_2)'!=''">
        <Cfg_2>true</Cfg_2>
        <CfgParent>Base</CfgParent>
        <Base>true</Base>
    </PropertyGroup>
    <PropertyGroup Condition="('$(Platform)'=='Win32' and '$(Cfg_2)'=='true') or '$(Cfg_2_Win32)'!=''">
        <Cfg_2_Win32>true</Cfg_2_Win32>
        <CfgParent>Cfg_2</CfgParent>
        <Cfg_2>true</Cfg_2>
        <Base>true</Base>
    </PropertyGroup>
    <PropertyGroup Condition="'$(Base)'!=''">
        <SanitizedProjectName>ugtu</SanitizedProjectName>
        <VerInfo_Release>4</VerInfo_Release>
        <VerInfo_IncludeVerInfo>true</VerInfo_IncludeVerInfo>
        <VerInfo_Debug>true</VerInfo_Debug>
        <DCC_Namespace>Vcl;Vcl.Imaging;Vcl.Touch;Vcl.Samples;Vcl.Shell;System;Xml;Data;Datasnap;Web;Soap;Winapi;Data.Win;Xml.Win;System.Win;$(DCC_Namespace)</DCC_Namespace>
        <VerInfo_Locale>1049</VerInfo_Locale>
        <VerInfo_Keys>CompanyName=УГТУ;FileDescription=Клиент ИС &quot;УГТУ&quot;;FileVersion=1.0.4.475;InternalName=Клиент ИС УГТУ;LegalCopyright=УГТУ ИВЦ - ОРиСПО, 2006 - 2007;LegalTrademarks=;OriginalFilename=ugtu.exe;ProductName=ИС &quot;УГТУ&quot;;ProductVersion=1.0.3.307;Comments=</VerInfo_Keys>
        <VerInfo_Build>475</VerInfo_Build>
    </PropertyGroup>
    <PropertyGroup Condition="'$(Base_Win32)'!=''">
        <Manifest_File>$(BDS)\bin\default_app.manifest</Manifest_File>
        <VerInfo_IncludeVerInfo>true</VerInfo_IncludeVerInfo>
        <Icon_MainIcon>ugtu_Icon1.ico</Icon_MainIcon>
        <VerInfo_Locale>1033</VerInfo_Locale>
        <VerInfo_Keys>CompanyName=;FileDescription=;FileVersion=1.0.0.0;InternalName=;LegalCopyright=;LegalTrademarks=;OriginalFilename=;ProductName=;ProductVersion=1.0.0.0;Comments=</VerInfo_Keys>
        <DCC_Namespace>Datasnap.Win;Web.Win;Soap.Win;Bde;$(DCC_Namespace)</DCC_Namespace>
    </PropertyGroup>
    <PropertyGroup Condition="'$(Base_Win64)'!=''">
        <Icon_MainIcon>ugtu_Icon1.ico</Icon_MainIcon>
        <Manifest_File>$(BDS)\bin\default_app.manifest</Manifest_File>
    </PropertyGroup>
    <PropertyGroup Condition="'$(Cfg_1)'!=''">
        <Version>7.0</Version>
        <DCC_DebugInformation>0</DCC_DebugInformation>
        <DCC_WriteableConstants>True</DCC_WriteableConstants>
        <DCC_LocalDebugSymbols>False</DCC_LocalDebugSymbols>
        <DCC_SymbolReferenceInfo>0</DCC_SymbolReferenceInfo>
        <DCC_UnitSearchPath>ShareAPG\;$(DCC_UnitSearchPath)</DCC_UnitSearchPath>
        <DCC_ResourcePath>ShareAPG\;$(DCC_ResourcePath)</DCC_ResourcePath>
        <DCC_ObjPath>ShareAPG\;$(DCC_ObjPath)</DCC_ObjPath>
        <DCC_IncludePath>ShareAPG\;$(DCC_IncludePath)</DCC_IncludePath>
        <DCC_Define>RELEASE;$(DCC_Define)</DCC_Define>
    </PropertyGroup>
    <PropertyGroup Condition="'$(Cfg_2)'!=''">
        <Version>7.0</Version>
        <DCC_WriteableConstants>True</DCC_WriteableConstants>
        <DCC_UnitSearchPath>ShareAPG\;$(DCC_UnitSearchPath)</DCC_UnitSearchPath>
        <DCC_ResourcePath>ShareAPG\;$(DCC_ResourcePath)</DCC_ResourcePath>
        <DCC_ObjPath>ShareAPG\;$(DCC_ObjPath)</DCC_ObjPath>
        <DCC_IncludePath>ShareAPG\;$(DCC_IncludePath)</DCC_IncludePath>
        <DCC_Define>DEBUG;$(DCC_Define)</DCC_Define>
    </PropertyGroup>
    <PropertyGroup Condition="'$(Cfg_2_Win32)'!=''">
        <VerInfo_MajorVer>2</VerInfo_MajorVer>
        <VerInfo_Release>1</VerInfo_Release>
        <DCC_DebugDCUs>true</DCC_DebugDCUs>
        <VerInfo_Locale>1033</VerInfo_Locale>
        <VerInfo_Keys>CompanyName=;FileDescription=;FileVersion=2.0.1.552;InternalName=;LegalCopyright=;LegalTrademarks=;OriginalFilename=;ProductName=;ProductVersion=1.0.0.0;Comments=</VerInfo_Keys>
        <VerInfo_Build>552</VerInfo_Build>
        <DCC_UnitSearchPath>Domain\DBTV;Domain\EhLib\EhLib 6.2 Full Source\RADStudioXE5;Domain\Graphics32\Packages</DCC_UnitSearchPath>
    </PropertyGroup>
    <ProjectExtensions>
        <Borland.Personality>Delphi.Personality.12</Borland.Personality>
        <Borland.ProjectType>VCLApplication</Borland.ProjectType>
        <BorlandProject>
            <Delphi.Personality>
                <Parameters>
                    <Parameters Name="UseLauncher">False</Parameters>
                    <Parameters Name="LoadAllSymbols">True</Parameters>
                    <Parameters Name="LoadUnspecifiedSymbols">False</Parameters>
                </Parameters>
                <VersionInfo>
                    <VersionInfo Name="IncludeVerInfo">True</VersionInfo>
                    <VersionInfo Name="AutoIncBuild">False</VersionInfo>
                    <VersionInfo Name="MajorVer">1</VersionInfo>
                    <VersionInfo Name="MinorVer">0</VersionInfo>
                    <VersionInfo Name="Release">4</VersionInfo>
                    <VersionInfo Name="Build">475</VersionInfo>
                    <VersionInfo Name="Debug">True</VersionInfo>
                    <VersionInfo Name="PreRelease">False</VersionInfo>
                    <VersionInfo Name="Special">False</VersionInfo>
                    <VersionInfo Name="Private">False</VersionInfo>
                    <VersionInfo Name="DLL">False</VersionInfo>
                    <VersionInfo Name="Locale">1049</VersionInfo>
                    <VersionInfo Name="CodePage">1251</VersionInfo>
                </VersionInfo>
                <VersionInfoKeys>
                    <VersionInfoKeys Name="CompanyName">УГТУ</VersionInfoKeys>
                    <VersionInfoKeys Name="FileDescription">Клиент ИС &quot;УГТУ&quot;</VersionInfoKeys>
                    <VersionInfoKeys Name="FileVersion">1.0.4.475</VersionInfoKeys>
                    <VersionInfoKeys Name="InternalName">Клиент ИС УГТУ</VersionInfoKeys>
                    <VersionInfoKeys Name="LegalCopyright">УГТУ ИВЦ - ОРиСПО, 2006 - 2007</VersionInfoKeys>
                    <VersionInfoKeys Name="LegalTrademarks"/>
                    <VersionInfoKeys Name="OriginalFilename">ugtu.exe</VersionInfoKeys>
                    <VersionInfoKeys Name="ProductName">ИС &quot;УГТУ&quot;</VersionInfoKeys>
                    <VersionInfoKeys Name="ProductVersion">1.0.3.307</VersionInfoKeys>
                    <VersionInfoKeys Name="Comments"/>
                </VersionInfoKeys>
                <Source>
                    <Source Name="MainSource">ugtu.dpr</Source>
                </Source>
                <Excluded_Packages>
                    <Excluded_Packages Name="$(BDSBIN)\bcboffice2k190.bpl">Embarcadero C++Builder Office 2000 Servers Package</Excluded_Packages>
                    <Excluded_Packages Name="$(BDSBIN)\bcbofficexp190.bpl">Embarcadero C++Builder Office XP Servers Package</Excluded_Packages>
                    <Excluded_Packages Name="$(BDSBIN)\dcloffice2k190.bpl">Microsoft Office 2000 Sample Automation Server Wrapper Components</Excluded_Packages>
                    <Excluded_Packages Name="$(BDSBIN)\dclofficexp190.bpl">Microsoft Office XP Sample Automation Server Wrapper Components</Excluded_Packages>
                </Excluded_Packages>
            </Delphi.Personality>
            <Platforms>
                <Platform value="Win32">True</Platform>
                <Platform value="Win64">False</Platform>
            </Platforms>
            <ModelSupport>False</ModelSupport>
            <UnitTesting>
                <TestProjectName>C:\Users\fmarakasov\Documents\GitHub\Old-School\UGTU\Test\ReportBaseTests.dproj</TestProjectName>
            </UnitTesting>
        </BorlandProject>
        <ProjectFileVersion>12</ProjectFileVersion>
    </ProjectExtensions>
    <Import Project="$(BDS)\Bin\CodeGear.Delphi.Targets"/>
    <ItemGroup>
        <DelphiCompile Include="$(MainSource)">
            <MainSource>MainSource</MainSource>
        </DelphiCompile>
        <DCCReference Include="Presentation\Forms\uMain.pas">
            <Form>frmMain</Form>
        </DCCReference>
        <DCCReference Include="Presentation\Dialogs\uLogin.pas">
            <Form>frmLogin</Form>
        </DCCReference>
        <DCCReference Include="Data\uDM.pas">
            <Form>dm</Form>
            <DesignClass>TDataModule</DesignClass>
        </DCCReference>
        <DCCReference Include="Domain\Controllers\AbiturientOrderProcs.pas"/>
        <DCCReference Include="Domain\Controllers\AbiturientBaseProcs.pas"/>
        <DCCReference Include="Domain\Controllers\AbiturientBaseTables.pas"/>
        <DCCReference Include="Domain\Controllers\AbiturientBeforeZachislenieListProcs.pas"/>
        <DCCReference Include="Presentation\Frames\uBaseFrame.pas">
            <Form>fmBase</Form>
            <DesignClass>TFrame</DesignClass>
        </DCCReference>
        <DCCReference Include="Presentation\Frames\uStudent.pas">
            <Form>fmStudent</Form>
            <DesignClass>TFrame</DesignClass>
        </DCCReference>
        <DCCReference Include="Presentation\Frames\uFac.pas">
            <Form>fmFacultet</Form>
            <DesignClass>TFrame</DesignClass>
        </DCCReference>
        <DCCReference Include="Presentation\Frames\uGroup.pas">
            <Form>fmGroup</Form>
            <DesignClass>TFrame</DesignClass>
        </DCCReference>
        <DCCReference Include="Presentation\Frames\uSpec.pas">
            <Form>fmSpec</Form>
            <DesignClass>TFrame</DesignClass>
        </DCCReference>
        <DCCReference Include="Presentation\Frames\uUni.pas">
            <Form>fmUni</Form>
            <DesignClass>TFrame</DesignClass>
        </DCCReference>
        <DCCReference Include="Presentation\Frames\uSpravFram.pas">
            <Form>fmSprav</Form>
            <DesignClass>TFrame</DesignClass>
        </DCCReference>
        <DCCReference Include="Presentation\Frames\uUchPlan.pas">
            <Form>fmUchPlan</Form>
            <DesignClass>TFrame</DesignClass>
        </DCCReference>
        <DCCReference Include="Presentation\dialogs\uBaseDialog.pas">
            <Form>frmBaseDialog</Form>
        </DCCReference>
        <DCCReference Include="Presentation\dialogs\uUchPlanAddNew.pas">
            <Form>frmUchPlanAddNew</Form>
        </DCCReference>
        <DCCReference Include="Presentation\dialogs\uPrikDlg.pas">
            <Form>ftmPrikaz</Form>
        </DCCReference>
        <DCCReference Include="Presentation\dialogs\uLangDlg.pas">
            <Form>ftmLangDialog</Form>
        </DCCReference>
        <DCCReference Include="Presentation\dialogs\uRelativeDlg.pas">
            <Form>ftmAddRelative</Form>
        </DCCReference>
        <DCCReference Include="Presentation\dialogs\uGroupEdtDlg.pas">
            <Form>frmGroupEdt</Form>
        </DCCReference>
        <DCCReference Include="Presentation\Frames\uPrik.pas">
            <Form>fmPrik</Form>
            <DesignClass>TFrame</DesignClass>
        </DCCReference>
        <DCCReference Include="Presentation\Forms\uAbout.pas">
            <Form>frmAbout</Form>
        </DCCReference>
        <DCCReference Include="Presentation\dialogs\uNapr.pas">
            <Form>ftmNapr</Form>
        </DCCReference>
        <DCCReference Include="Presentation\dialogs\uRaports.pas">
            <Form>frmRaporsDlg</Form>
        </DCCReference>
        <DCCReference Include="Presentation\Forms\uSpravForm.pas">
            <Form>frmSprav</Form>
        </DCCReference>
        <DCCReference Include="Presentation\dialogs\uNaprClose.pas">
            <Form>ftmNaprclose</Form>
        </DCCReference>
        <DCCReference Include="Presentation\dialogs\uVosstStud.pas">
            <Form>frmStudVosst</Form>
        </DCCReference>
        <DCCReference Include="Presentation\dialogs\uOtchislStud.pas">
            <Form>frmOtchislStud</Form>
        </DCCReference>
        <DCCReference Include="Presentation\dialogs\uPerevStud.pas">
            <Form>frmPerevStud</Form>
        </DCCReference>
        <DCCReference Include="Domain\Controllers\uRestoreConn.pas"/>
        <DCCReference Include="Presentation\Forms\uError.pas">
            <Form>frmError</Form>
        </DCCReference>
        <DCCReference Include="Presentation\dialogs\uNagruzkaAddPotok.pas">
            <Form>frmAddPotok</Form>
        </DCCReference>
        <DCCReference Include="Presentation\Frames\uNagruzka.pas">
            <Form>fmNagruzkaMain</Form>
            <DesignClass>TFrame</DesignClass>
        </DCCReference>
        <DCCReference Include="Presentation\Frames\uNagruzkaFac.pas">
            <Form>fmNagruzkaFac</Form>
            <DesignClass>TFrame</DesignClass>
        </DCCReference>
        <DCCReference Include="Presentation\Frames\uNagruzkaDep.pas">
            <Form>fmNagruzkaDep</Form>
            <DesignClass>TFrame</DesignClass>
        </DCCReference>
        <DCCReference Include="Presentation\dialogs\uNagruzkaAddPrep.pas">
            <Form>frmNagruzkaAddPrep</Form>
        </DCCReference>
        <DCCReference Include="Presentation\dialogs\uStudInfo.pas">
            <Form>frmStudInfo</Form>
        </DCCReference>
        <DCCReference Include="Presentation\dialogs\uNagruzkaAddKaf.pas">
            <Form>frmNagruzkaAddKaf</Form>
        </DCCReference>
        <DCCReference Include="Presentation\dialogs\uNagruzkaAddPlan.pas">
            <Form>frmNagruzkaAddPlan</Form>
        </DCCReference>
        <DCCReference Include="Presentation\dialogs\uNagruzkaAddDiscToPlan.pas">
            <Form>frmNagruzkaAddDiscToPlan</Form>
        </DCCReference>
        <DCCReference Include="Presentation\dialogs\uNagruzkaAddFact.pas">
            <Form>frmNagruzkaAddFact</Form>
        </DCCReference>
        <DCCReference Include="Presentation\dialogs\uAcadem.pas">
            <Form>frmAcademStud</Form>
        </DCCReference>
        <DCCReference Include="Presentation\dialogs\uChangeLastName.pas">
            <Form>frmChangeLastName</Form>
        </DCCReference>
        <DCCReference Include="Presentation\dialogs\uSpecAddSpclz.pas">
            <Form>frmSpecAddSpclz</Form>
        </DCCReference>
        <DCCReference Include="Presentation\dialogs\uChangePassport.pas">
            <Form>frmChangePassport</Form>
        </DCCReference>
        <DCCReference Include="Presentation\dialogs\uVinEkz.pas">
            <Form>frmVinEkz</Form>
        </DCCReference>
        <DCCReference Include="Presentation\Frames\uUserFrame.pas">
            <Form>fmUsers</Form>
            <DesignClass>TFrame</DesignClass>
        </DCCReference>
        <DCCReference Include="Presentation\dialogs\uAcademReturn.pas">
            <Form>frmAcademReturn</Form>
        </DCCReference>
        <DCCReference Include="Domain\Controllers\AbiturientFacade.PAS"/>
        <DCCReference Include="Presentation\dialogs\ABIT_add_nabor_dialog.pas">
            <Form>frmNewNabor</Form>
        </DCCReference>
        <DCCReference Include="Presentation\dialogs\ABIT_add_rasp_dialog.pas">
            <Form>frmDialRasp</Form>
        </DCCReference>
        <DCCReference Include="Presentation\Frames\ABIT_rasp_frame.pas">
            <Form>fmAbitRasp</Form>
            <DesignClass>TFrame</DesignClass>
        </DCCReference>
        <DCCReference Include="Presentation\Frames\ABIT_zachislenie_frame.pas">
            <Form>fmZach</Form>
            <DesignClass>TFrame</DesignClass>
        </DCCReference>
        <DCCReference Include="Presentation\dialogs\uDipl.pas">
            <Form>frmDiplom</Form>
        </DCCReference>
        <DCCReference Include="Presentation\dialogs\ABIT_select_stat_year.pas">
            <Form>frmBaseDialog2</Form>
        </DCCReference>
        <DCCReference Include="Presentation\dialogs\uLevelUp.pas">
            <Form>frmLevelUp</Form>
        </DCCReference>
        <DCCReference Include="Presentation\dialogs\uabitDialog.pas">
            <Form>frmAbitCardDialog</Form>
        </DCCReference>
        <DCCReference Include="Presentation\Frames\uAbitCard.pas">
            <Form>fmAbitCard</Form>
            <DesignClass>TFrame</DesignClass>
        </DCCReference>
        <DCCReference Include="Presentation\Frames\ABIT_year_frame.pas">
            <Form>fmAbitYears</Form>
            <DesignClass>TFrame</DesignClass>
        </DCCReference>
        <DCCReference Include="Presentation\dialogs\ABIT_select_stat_ALL.pas">
            <Form>frmBaseDialog1</Form>
        </DCCReference>
        <DCCReference Include="Presentation\Forms\ABIT_panel.pas">
            <Form>FrmPanel</Form>
        </DCCReference>
        <DCCReference Include="Presentation\Frames\uAbitDinamica.pas">
            <Form>fmABITDinamica</Form>
            <DesignClass>TFrame</DesignClass>
        </DCCReference>
        <DCCReference Include="Presentation\dialogs\uAddExam.pas">
            <Form>frmAddExamDialog</Form>
        </DCCReference>
        <DCCReference Include="Presentation\dialogs\uPrintNapr.pas">
            <Form>frmPrintNaprDialog</Form>
        </DCCReference>
        <DCCReference Include="Presentation\Frames\Abit_nabor_frame.pas">
            <Form>fmAbitNabor</Form>
            <DesignClass>TFrame</DesignClass>
        </DCCReference>
        <DCCReference Include="Presentation\Dialogs\ABIT_zhurnal.pas">
            <Form>frmAbitZhurnal</Form>
            <DesignClass>TfrmAbitZhurnal</DesignClass>
        </DCCReference>
        <DCCReference Include="Presentation\dialogs\uUniteGroups.pas">
            <Form>frmGroupManager</Form>
        </DCCReference>
        <DCCReference Include="Domain\Controllers\StoHTMLHelp.pas"/>
        <DCCReference Include="Presentation\dialogs\uAbitMove.pas">
            <Form>frmAbitMove</Form>
        </DCCReference>
        <DCCReference Include="Presentation\dialogs\uJoinGroup.pas">
            <Form>frmJoinGroup</Form>
        </DCCReference>
        <DCCReference Include="Domain\Controllers\uQMController.pas"/>
        <DCCReference Include="Presentation\dialogs\uQueryMaster.pas"/>
        <DCCReference Include="Utils\ShareAPG\VarFileUtils.pas"/>
        <DCCReference Include="Domain\Controllers\NagruzkaController.pas"/>
        <DCCReference Include="Domain\Controllers\FactNagruzkaController.pas"/>
        <DCCReference Include="Domain\Controllers\GeneralController.pas"/>
        <DCCReference Include="Domain\Controllers\PlanNagruzkaController.pas"/>
        <DCCReference Include="Domain\Controllers\UchPlanController.pas"/>
        <DCCReference Include="Domain\Controllers\AbiturientNaborProcs.pas"/>
        <DCCReference Include="Domain\Controllers\AbiturientAbitProcs.PAS"/>
        <DCCReference Include="Domain\Controllers\AbiturientRaspisanieProcs.pas"/>
        <DCCReference Include="Presentation\Dialogs\ABIT_add_raspkab_dialog.pas">
            <Form>frmRaspkab</Form>
            <DesignClass>TfrmRaspkab</DesignClass>
        </DCCReference>
        <DCCReference Include="Domain\Controllers\AbiturientExamProcs.pas"/>
        <DCCReference Include="Domain\Controllers\AbiturientListsBeforeExamProcs.pas"/>
        <DCCReference Include="Domain\Controllers\AbiturientAbitTables.pas"/>
        <DCCReference Include="Utils\ShareAPG\AppConst.pas"/>
        <DCCReference Include="Utils\ShareAPG\ClUtils.pas"/>
        <DCCReference Include="Utils\ShareAPG\CSB.pas"/>
        <DCCReference Include="Utils\ShareAPG\csdbg.pas"/>
        <DCCReference Include="Utils\ShareAPG\DbgUtils.pas"/>
        <DCCReference Include="Utils\ShareAPG\DBUtils.pas"/>
        <DCCReference Include="Utils\ShareAPG\DlgUtils.pas"/>
        <DCCReference Include="Utils\ShareAPG\EditsEx.pas"/>
        <DCCReference Include="Utils\ShareAPG\ExUtils.pas"/>
        <DCCReference Include="Utils\ShareAPG\FileCls.pas"/>
        <DCCReference Include="Utils\ShareAPG\FileUtils.pas"/>
        <DCCReference Include="Utils\ShareAPG\ggautil.pas"/>
        <DCCReference Include="Utils\ShareAPG\Iterators.PAS"/>
        <DCCReference Include="Utils\ShareAPG\MapFile.pas"/>
        <DCCReference Include="Utils\ShareAPG\OleUtils.pas"/>
        <DCCReference Include="Utils\ShareAPG\OsUtils.pas"/>
        <DCCReference Include="Utils\ShareAPG\PrnUtils.pas"/>
        <DCCReference Include="Utils\ShareAPG\QParser.pas"/>
        <DCCReference Include="Utils\ShareAPG\RegUtils.pas"/>
        <DCCReference Include="Utils\ShareAPG\SBS.pas"/>
        <DCCReference Include="Utils\ShareAPG\secutils.pas"/>
        <DCCReference Include="Utils\ShareAPG\StringUtils.pas"/>
        <DCCReference Include="Utils\ShareAPG\VCLUtils.pas"/>
        <DCCReference Include="Utils\ShareAPG\win2000.pas"/>
        <DCCReference Include="Presentation\Dialogs\uUchPlanSemLength.pas"/>
        <DCCReference Include="Presentation\Dialogs\uUchPlanEditControlVZ.pas"/>
        <DCCReference Include="Presentation\Dialogs\uUchPlanEditAuditorVZ.pas"/>
        <DCCReference Include="Presentation\Dialogs\uNagruzkaAddNorm.pas"/>
        <DCCReference Include="Domain\Controllers\SheduleController.pas"/>
        <DCCReference Include="Presentation\Dialogs\uNagruzkaEditPotokShemes.pas"/>
        <DCCReference Include="Presentation\Dialogs\uNagruzkaDiscToTeacher.pas"/>
        <DCCReference Include="Data\uDMStudentSelectionProcs.pas">
            <Form>dmStudentSelectionProcs</Form>
            <DesignClass>TDataModule</DesignClass>
        </DCCReference>
        <DCCReference Include="Data\uDMCauses.pas">
            <Form>dmCauses</Form>
            <DesignClass>TDataModule</DesignClass>
        </DCCReference>
        <DCCReference Include="Data\uDMAdress.pas">
            <Form>dmAdress</Form>
            <DesignClass>TDataModule</DesignClass>
        </DCCReference>
        <DCCReference Include="Data\uDMStudentActions.pas">
            <Form>dmStudentActions</Form>
            <DesignClass>TDataModule</DesignClass>
        </DCCReference>
        <DCCReference Include="Data\uDMStudentData.pas">
            <Form>dmStudentData</Form>
            <DesignClass>TDataModule</DesignClass>
        </DCCReference>
        <DCCReference Include="Data\uDMPrikaz.pas">
            <Form>dmPrikaz</Form>
            <DesignClass>TDataModule</DesignClass>
        </DCCReference>
        <DCCReference Include="Data\uDMFacultetStatistic.pas">
            <Form>dmFacultetStatistic</Form>
            <DesignClass>TDataModule</DesignClass>
        </DCCReference>
        <DCCReference Include="Data\uDMUgtuStructure.pas">
            <Form>dmUgtuStructure</Form>
            <DesignClass>TDataModule</DesignClass>
        </DCCReference>
        <DCCReference Include="Data\uDMGroupActions.pas">
            <Form>dmGroupActions</Form>
            <DesignClass>TDataModule</DesignClass>
        </DCCReference>
        <DCCReference Include="Data\uDMRecordBook.pas">
            <Form>dmRecordBook</Form>
            <DesignClass>TDataModule</DesignClass>
        </DCCReference>
        <DCCReference Include="Data\uDMAbiturientAction.pas">
            <Form>dmAbiturientAction</Form>
            <DesignClass>TDataModule</DesignClass>
        </DCCReference>
        <DCCReference Include="Data\uDMAbiturientOtchety.pas">
            <Form>dmAbiturientOtchety</Form>
            <DesignClass>TDataModule</DesignClass>
        </DCCReference>
        <DCCReference Include="Data\uDMUspevaemost.pas">
            <Form>dmUspevaemost</Form>
            <DesignClass>TDataModule</DesignClass>
        </DCCReference>
        <DCCReference Include="Presentation\Dialogs\uNagruzkaUchOtdelMaster.pas">
            <Form>frmNagruzkaUchOtdelMaster</Form>
        </DCCReference>
        <DCCReference Include="Presentation\Dialogs\uNagruzkaKafedraMaster.pas">
            <Form>frmNagruzkaKafedraMaster</Form>
        </DCCReference>
        <DCCReference Include="Domain\Controllers\uVisualDBObjectsForQM.pas"/>
        <DCCReference Include="Data\uQMDataModule.pas">
            <Form>QMDataModule</Form>
            <DesignClass>TDataModule</DesignClass>
        </DCCReference>
        <DCCReference Include="Data\uDMAbiturientZachisl.pas">
            <Form>DMAbiturientZachisl</Form>
            <DesignClass>TDataModule</DesignClass>
        </DCCReference>
        <DCCReference Include="Presentation\Dialogs\uNagruzkaFillTakeNagr.pas">
            <Form>frmNagruzkaFillTakeNagr</Form>
        </DCCReference>
        <DCCReference Include="Presentation\Dialogs\uNagruzkaConflictOnAvtoBuild.pas">
            <Form>frmNagruzkaConflictOnAvtoBuild</Form>
        </DCCReference>
        <DCCReference Include="Presentation\Dialogs\uNagruzkaFillFactNagrByCU.pas">
            <Form>frmNagruzkaFillFactNagrByCU</Form>
        </DCCReference>
        <DCCReference Include="Presentation\Dialogs\uNagruzkaFillFactNagrByVZ.pas">
            <Form>frmNagruzkaFillFactNagrByVZ</Form>
        </DCCReference>
        <DCCReference Include="Domain\Controllers\uAbitZachislenieController.pas"/>
        <DCCReference Include="Presentation\Dialogs\uQMView.pas">
            <Form>frmQMView</Form>
        </DCCReference>
        <DCCReference Include="Data\uDMAbiturientRasp.pas">
            <Form>DMAbiturientRasp</Form>
            <DesignClass>TDataModule</DesignClass>
        </DCCReference>
        <DCCReference Include="Presentation\Dialogs\uNagruzkaDistributedDuty.pas">
            <Form>frmNagruzkaDistributedDuty</Form>
        </DCCReference>
        <DCCReference Include="Domain\Controllers\uAbitRaspisanieController.pas"/>
        <DCCReference Include="Presentation\Dialogs\uQMAddEntity.pas">
            <Form>frmQMAddEntity</Form>
        </DCCReference>
        <DCCReference Include="Presentation\Frames\uNagruzkaPrepAllInfo.pas">
            <Form>fmNagruzkaPrepAllInfo</Form>
            <DesignClass>TFrame</DesignClass>
        </DCCReference>
        <DCCReference Include="Presentation\Dialogs\uErrorInfo.pas">
            <Form>frmErrorInfo</Form>
        </DCCReference>
        <DCCReference Include="Data\uDMMethodWork.pas">
            <Form>dmMethodWork</Form>
            <DesignClass>TDataModule</DesignClass>
        </DCCReference>
        <DCCReference Include="Domain\Controllers\MethodWorkController.pas"/>
        <DCCReference Include="Presentation\Frames\uMethodWork.pas">
            <Form>fmMethodWork</Form>
            <DesignClass>TFrame</DesignClass>
        </DCCReference>
        <DCCReference Include="Presentation\Frames\uMethodWorkDep.pas">
            <Form>fmMethodWorkDep</Form>
            <DesignClass>TFrame</DesignClass>
        </DCCReference>
        <DCCReference Include="Presentation\Frames\uMethodWorkFac.pas">
            <Form>fmMethodWorkFac</Form>
            <DesignClass>TFrame</DesignClass>
        </DCCReference>
        <DCCReference Include="Presentation\Frames\uMethodWorkPrep.pas">
            <Form>fmMethodWorkPrep</Form>
            <DesignClass>TFrame</DesignClass>
        </DCCReference>
        <DCCReference Include="Presentation\Dialogs\uMethodWorkAddNorm.pas">
            <Form>frmMethodWorkAddNorm</Form>
        </DCCReference>
        <DCCReference Include="Presentation\Dialogs\uNagruzkaSelTeacherForFactEdit.pas">
            <Form>frmNagruzkaSelTeacherForFactEdit</Form>
        </DCCReference>
        <DCCReference Include="Domain\Controllers\uUspevGroupController.pas"/>
        <DCCReference Include="Presentation\Frames\uShedule.pas">
            <Form>fmShedule</Form>
            <DesignClass>TFrame</DesignClass>
        </DCCReference>
        <DCCReference Include="Presentation\Frames\uSheduleFac.pas">
            <Form>fmSheduleFac</Form>
            <DesignClass>TFrame</DesignClass>
        </DCCReference>
        <DCCReference Include="Presentation\Frames\uSheduleDep.pas">
            <Form>fmSheduleDep</Form>
            <DesignClass>TFrame</DesignClass>
        </DCCReference>
        <DCCReference Include="Presentation\Dialogs\uQMAdminTable.pas">
            <Form>frmQMAdminTable</Form>
        </DCCReference>
        <DCCReference Include="Presentation\Dialogs\uQMAdminField.pas">
            <Form>frmQMAdminField</Form>
        </DCCReference>
        <DCCReference Include="Presentation\Dialogs\uMethodWorkAddPlan.pas">
            <Form>frmMethodWorkAddPlan</Form>
        </DCCReference>
        <DCCReference Include="Presentation\Dialogs\uQMAdminRelation.pas">
            <Form>frmQMAdminRelation</Form>
        </DCCReference>
        <DCCReference Include="Domain\Controllers\SheduleTestController.pas"/>
        <DCCReference Include="Domain\Controllers\SheduleAccountController.pas"/>
        <DCCReference Include="Domain\Controllers\SheduleClasses.pas"/>
        <DCCReference Include="Domain\Controllers\SheduleConstraintController.pas"/>
        <DCCReference Include="Presentation\Dialogs\uSheduleSetRoomConstraints.pas">
            <Form>frmSheduleSetRoomConstraints</Form>
        </DCCReference>
        <DCCReference Include="Presentation\Dialogs\uSheduleAddRooms.pas">
            <Form>frmSheduleAddRooms</Form>
        </DCCReference>
        <DCCReference Include="Presentation\Dialogs\uSheduleConflictLog.pas">
            <Form>frmConflictEventLog</Form>
        </DCCReference>
        <DCCReference Include="Presentation\Frames\uLessonShedule.pas">
            <Form>fmLessonShedule</Form>
            <DesignClass>TFrame</DesignClass>
        </DCCReference>
        <DCCReference Include="Presentation\Frames\uSheduleSemester.pas">
            <Form>fmSheduleSemester</Form>
            <DesignClass>TFrame</DesignClass>
        </DCCReference>
        <DCCReference Include="Domain\Controllers\uAbitOtchetsController.pas"/>
        <DCCReference Include="Presentation\Dialogs\uNagruzkaCalcUnitsContingent.pas">
            <Form>frmNagruzkaCalcUnitsContingent</Form>
        </DCCReference>
        <DCCReference Include="Domain\Controllers\uAbitNaborController.pas"/>
        <DCCReference Include="Presentation\Dialogs\uMethodWorkAddPlanDep.pas">
            <Form>frmMethodWorkAddPlanDep</Form>
        </DCCReference>
        <DCCReference Include="Presentation\Dialogs\uMethodWorkPlanCurrentMW.pas">
            <Form>frmMethodWorkPlanCurrentMW</Form>
        </DCCReference>
        <DCCReference Include="Presentation\Dialogs\uSelOrder.pas">
            <Form>frmOrderPick</Form>
        </DCCReference>
        <DCCReference Include="Presentation\Frames\uExaminationShedule.pas">
            <Form>fmExaminationShedule</Form>
            <DesignClass>TFrame</DesignClass>
        </DCCReference>
        <DCCReference Include="Presentation\Frames\uDiplomOtdKadr.pas">
            <Form>fmDiplomOtdKadr</Form>
            <DesignClass>TFrame</DesignClass>
        </DCCReference>
        <DCCReference Include="Domain\Controllers\uDiplOtdKardController.pas"/>
        <DCCReference Include="Presentation\Dialogs\uEnterprisePick.pas">
            <Form>frmEnterprisePick</Form>
        </DCCReference>
        <DCCReference Include="Data\uDMOtdKadrDiplom.pas">
            <Form>dmOtdKadrDiplom</Form>
            <DesignClass>TDataModule</DesignClass>
        </DCCReference>
        <DCCReference Include="Presentation\Dialogs\uMethodWorkAddGos.pas">
            <Form>frmMethodWorkAddGos</Form>
        </DCCReference>
        <DCCReference Include="Presentation\Dialogs\uMethodWorkAddContentItemGos.pas">
            <Form>frmMethodWorkAddContentItemGos</Form>
        </DCCReference>
        <DCCReference Include="Presentation\Dialogs\uMethodWorkAddContentDiscOnGos.pas">
            <Form>frmMethodWorkAddContentDiscOnGos</Form>
        </DCCReference>
        <DCCReference Include="Presentation\Dialogs\DataProcessingSplashDialog.pas">
            <Form>DataProcessingSplashDlg</Form>
        </DCCReference>
        <DCCReference Include="Presentation\Dialogs\uAddDocument.pas">
            <Form>frmAddDocument</Form>
        </DCCReference>
        <DCCReference Include="Presentation\Dialogs\uAddSpecAbit.pas">
            <Form>frmAdditionalSpec</Form>
        </DCCReference>
        <DCCReference Include="Domain\Reports\MW_PrepodPlanRep.pas"/>
        <DCCReference Include="Utils\Parser.pas"/>
        <DCCReference Include="Utils\Conditions.pas"/>
        <DCCReference Include="Utils\CorrectDatatypeChecks.pas"/>
        <DCCReference Include="Domain\Controllers\uLocalLogController.pas"/>
        <DCCReference Include="Presentation\Dialogs\uNagruzkaAddCalcUnit.pas">
            <Form>frmNagruzkaAddCalcUnit</Form>
        </DCCReference>
        <DCCReference Include="Presentation\Forms\uLessonSheduleOnForm.pas">
            <Form>LessonSheduleForm</Form>
        </DCCReference>
        <DCCReference Include="Presentation\Forms\uExaminationSheduleOnForm.pas">
            <Form>ExaminationSheduleOnForm</Form>
        </DCCReference>
        <DCCReference Include="Presentation\Dialogs\uAbitReturn.pas">
            <Form>frmAbitReturn</Form>
        </DCCReference>
        <DCCReference Include="Domain\Reports\D_StudUspevRep.pas"/>
        <DCCReference Include="Domain\Reports\D_GroupListRep.pas"/>
        <DCCReference Include="Domain\Reports\Barcode.pas"/>
        <DCCReference Include="Domain\Reports\ReportsBpl.pas"/>
        <DCCReference Include="Domain\Reports\ReportUI.pas"/>
        <DCCReference Include="Domain\Reports\RptColEd.pas"/>
        <DCCReference Include="Domain\Reports\ReportsBase.pas"/>
        <DCCReference Include="Presentation\Forms\uWaitingForm.pas">
            <Form>frmWaiting</Form>
        </DCCReference>
        <DCCReference Include="Domain\Common\RegularEx.pas"/>
        <DCCReference Include="Presentation\Dialogs\uNaprRegisterDialog.pas">
            <Form>frmNaprRegister</Form>
        </DCCReference>
        <DCCReference Include="Presentation\Forms\uNotError.pas">
            <Form>frmNotError</Form>
        </DCCReference>
        <DCCReference Include="Presentation\Forms\NewClientVersionDetectedFrm.pas">
            <Form>NewClientVersionDetectedForm</Form>
        </DCCReference>
        <DCCReference Include="Domain\Controllers\VersionController.pas"/>
        <DCCReference Include="Presentation\Forms\DetailsFrm.pas">
            <Form>DetailsForm</Form>
        </DCCReference>
        <DCCReference Include="Presentation\Frames\uNagruzkaSemester.pas">
            <Form>fmNagruzkaSemester</Form>
            <DesignClass>TFrame</DesignClass>
        </DCCReference>
        <DCCReference Include="Presentation\Dialogs\uNagruzkaSelectTeacher.pas">
            <Form>frmNagruzkaSelectTeacher</Form>
        </DCCReference>
        <DCCReference Include="Presentation\Dialogs\uNagruzkaSetNormException.pas">
            <Form>frmNagruzkaSetNormException</Form>
        </DCCReference>
        <DCCReference Include="Presentation\Dialogs\uSheduleManageBookmarks.pas">
            <Form>frmSheduleManageBookmarks</Form>
        </DCCReference>
        <DCCReference Include="Domain\Reports\D_FacItogiRep.pas"/>
        <DCCReference Include="Domain\Controllers\uXMLErrorReader.pas">
            <Form>/uMethodWorkAddWorkuMethodWorkAddWork in &apos;Presentation\Dialogs\uMethodWorkAddWork.pas&apos; {frmMethodWorkAddWork</Form>
        </DCCReference>
        <DCCReference Include="Presentation\Dialogs\uMethodWorkAddWorkInNorm.pas">
            <Form>frmMethodWorkAddWorkInNorm</Form>
        </DCCReference>
        <DCCReference Include="Presentation\Dialogs\uMethodWorkAddWork.pas">
            <Form>frmMethodWorkAddWork</Form>
        </DCCReference>
        <DCCReference Include="Domain\Controllers\ApplicationController.pas"/>
        <DCCReference Include="Domain\Controllers\uMailer.pas"/>
        <DCCReference Include="Presentation\Frames\uMethodWorkTreeView.pas">
            <Form>fmMethodWorkTreeView</Form>
            <DesignClass>TFrame</DesignClass>
        </DCCReference>
        <DCCReference Include="Presentation\Dialogs\uAppTweaks.pas">
            <Form>frmAppTweaks</Form>
        </DCCReference>
        <DCCReference Include="Domain\Controllers\CommonNagruzkaController.pas"/>
        <DCCReference Include="Domain\Controllers\NagruzkaClasses.pas"/>
        <DCCReference Include="Domain\Controllers\PreparationNagruzkaController.pas"/>
        <DCCReference Include="Domain\Controllers\SheduleMainController.pas"/>
        <DCCReference Include="Presentation\Dialogs\uNagruzkaSetVidZanyatTaskCount.pas">
            <Form>frmNagruzkaSetVidZanyatTaskCount</Form>
        </DCCReference>
        <DCCReference Include="Presentation\Dialogs\uNagruzkaShowCalculationScheme.pas">
            <Form>frmNagruzkaShowCalculationScheme</Form>
        </DCCReference>
        <DCCReference Include="Presentation\Dialogs\uSheduleAddAudEventWithPrefetch.pas">
            <Form>frmSheduleAddAudEventWithPrefetch</Form>
        </DCCReference>
        <DCCReference Include="Presentation\Dialogs\uSheduleAddExaminationWithPrefetch.pas">
            <Form>frmSheduleAddExaminationWithPrefetch</Form>
        </DCCReference>
        <DCCReference Include="Data\uDMDiplom.pas">
            <Form>dmDiplom</Form>
            <DesignClass>TDataModule</DesignClass>
        </DCCReference>
        <DCCReference Include="Domain\Controllers\uDiplomController.pas"/>
        <DCCReference Include="Domain\Reports\D_DiplomVipRep.pas"/>
        <DCCReference Include="Presentation\Dialogs\uAbitConfirm.pas">
            <Form>frmAbitConfirm</Form>
        </DCCReference>
        <DCCReference Include="Domain\Controllers\uWaitingController.pas"/>
        <DCCReference Include="Presentation\Dialogs\uNagruzkaPotokManager.pas">
            <Form>frmNagruzkaPotokManager</Form>
        </DCCReference>
        <DCCReference Include="Domain\Controllers\NagruzkaDirectory.pas"/>
        <DCCReference Include="Domain\Controllers\SheduleGrids.pas"/>
        <DCCReference Include="Domain\Interfaces\CommonIntf.pas"/>
        <DCCReference Include="Domain\Interfaces\XIntf.pas"/>
        <DCCReference Include="Domain\Interfaces\DefImpl\CommonIntfImpl.pas"/>
        <DCCReference Include="Data\uDMAbiturientNabor.pas">
            <Form>DMAbiturientNabor</Form>
            <DesignClass>TDataModule</DesignClass>
        </DCCReference>
        <DCCReference Include="Data\uDMAdmin.pas">
            <Form>DMAdmin</Form>
            <DesignClass>TDataModule</DesignClass>
        </DCCReference>
        <DCCReference Include="Presentation\Dialogs\uMethodWorkAddItemGos.pas">
            <Form>frmBaseDialog3</Form>
        </DCCReference>
        <DCCReference Include="Utils\ExceptionBase.pas"/>
        <DCCReference Include="Domain\Reports\MW_PrepodPlanEditionRep.pas"/>
        <DCCReference Include="Domain\Reports\MW_PrepodFactRep.pas"/>
        <DCCReference Include="Domain\Reports\AbitPredvSpisokZachisl.pas"/>
        <DCCReference Include="Domain\Reports\AbitDinamica.pas"/>
        <DCCReference Include="Domain\Reports\D_GrupUspevForStipend.pas"/>
        <DCCReference Include="Domain\Reports\ReportDataSet.pas"/>
        <DCCReference Include="Data\uDMUchPlan.pas">
            <Form>dmUchPlan</Form>
            <DesignClass>TDataModule</DesignClass>
        </DCCReference>
        <DCCReference Include="Presentation\Dialogs\uExtendSession.pas">
            <Form>frmExtendSession</Form>
        </DCCReference>
        <DCCReference Include="Domain\Reports\D_VedomostBRS.pas"/>
        <DCCReference Include="Domain\Reports\D_AcademReport.pas"/>
        <DCCReference Include="Presentation\Frames\uAcademFrame.pas">
            <Form>fmAcadem</Form>
            <DesignClass>TFrame</DesignClass>
        </DCCReference>
        <DCCReference Include="Presentation\Dialogs\uMethodWorkHyperLink.pas">
            <Form>frmMethodWorkHyperLink</Form>
        </DCCReference>
        <DCCReference Include="Presentation\Dialogs\uAddress.pas">
            <Form>frmAddress</Form>
        </DCCReference>
        <DCCReference Include="Presentation\Frames\uPerson.pas">
            <Form>fmPerson</Form>
            <DesignClass>TFrame</DesignClass>
        </DCCReference>
        <DCCReference Include="Domain\Reports\D_BRSAllModules.pas"/>
        <DCCReference Include="Presentation\Dialogs\uMethodWorkDateFilter.pas">
            <Form>frmMethodWorkDateFilter</Form>
        </DCCReference>
        <DCCReference Include="Presentation\Dialogs\uStudDlg.pas">
            <Form>ftmStudent</Form>
        </DCCReference>
        <DCCReference Include="Presentation\Dialogs\uMethodWorkAutoPlan.pas">
            <Form>frmMethodWorkAutoPlan</Form>
        </DCCReference>
        <DCCReference Include="Presentation\Frames\uAverageBalls.pas">
            <Form>fmAverageBalls</Form>
            <DesignClass>TFrame</DesignClass>
        </DCCReference>
        <DCCReference Include="Data\uHOST.pas">
            <Form>dmHOST</Form>
            <DesignClass>TDataModule</DesignClass>
        </DCCReference>
        <DCCReference Include="Presentation\Dialogs\HOST_NaznRoom.pas">
            <Form>NaznRoom</Form>
        </DCCReference>
        <DCCReference Include="Presentation\Dialogs\HOST_UtvZayav.pas">
            <Form>UtvZayav</Form>
        </DCCReference>
        <DCCReference Include="Domain\Controllers\HOST_ReportController.pas"/>
        <DCCReference Include="Domain\Controllers\HOST_ZayavlenieController.pas"/>
        <DCCReference Include="Domain\Reports\HOST_Order.pas"/>
        <DCCReference Include="Presentation\Frames\HOST_Zaselenie.pas">
            <Form>fmHOST_Zaselenie</Form>
            <DesignClass>TFrame</DesignClass>
        </DCCReference>
        <DCCReference Include="Presentation\Dialogs\HOST_UkazPrikaz.pas">
            <Form>PrikazOZas</Form>
        </DCCReference>
        <DCCReference Include="Presentation\Dialogs\HOST_ZamenaRoom.pas">
            <Form>ZamenaRoom</Form>
        </DCCReference>
        <DCCReference Include="Presentation\Dialogs\HOST_AddZayav.pas">
            <Form>AddZayav</Form>
        </DCCReference>
        <DCCReference Include="Presentation\Frames\HOST_Projivaysh.pas">
            <Form>fmHOST_Projivaysh</Form>
            <DesignClass>TFrame</DesignClass>
        </DCCReference>
        <DCCReference Include="Domain\Controllers\HOST_ProjivayushieController.pas">
            <Form>/,</Form>
        </DCCReference>
        <DCCReference Include="Presentation\Dialogs\HOST_AddRoom.pas">
            <Form>AddRoom</Form>
        </DCCReference>
        <DCCReference Include="Domain\Reports\HOST_PrikazNaZas.pas"/>
        <DCCReference Include="Presentation\Dialogs\HOST_Viselit.pas">
            <Form>Viselit</Form>
        </DCCReference>
        <DCCReference Include="Domain\Reports\HOST_ZayavNaZas.pas"/>
        <DCCReference Include="Presentation\Frames\HOST_Persona.pas">
            <Form>fmHOSTPerson</Form>
            <DesignClass>TFrame</DesignClass>
        </DCCReference>
        <DCCReference Include="Domain\Classes\MethodWorkComboboxFilter.pas"/>
        <DCCReference Include="Domain\Reports\HOST_Kartochka.pas"/>
        <DCCReference Include="Presentation\Frames\HOST_ZasPersona.pas">
            <Form>PersonForZas</Form>
            <DesignClass>TFrame</DesignClass>
        </DCCReference>
        <DCCReference Include="Presentation\Dialogs\HOST_AddNarush.pas">
            <Form>AddNarush</Form>
        </DCCReference>
        <DCCReference Include="Presentation\Dialogs\HOST_ProdlProzh.pas">
            <Form>frmProdlProzh</Form>
        </DCCReference>
        <DCCReference Include="Domain\Reports\D_BRSExamVedomost.pas"/>
        <DCCReference Include="Domain\Classes\uBRSBallCounter.pas"/>
        <DCCReference Include="Domain\Reports\D_BRSRankReport.pas"/>
        <DCCReference Include="Domain\Reports\D_BRSRankAverageReport.pas"/>
        <DCCReference Include="Domain\Reports\N_YearsComparison.pas"/>
        <DCCReference Include="Domain\Reports\N_DepsSemester.pas"/>
        <DCCReference Include="Domain\Reports\N_FullDepsSemester.pas"/>
        <DCCReference Include="Domain\Reports\N_PlanDepsCompare.pas"/>
        <DCCReference Include="Domain\Reports\N_PlanDepsSemesters.pas"/>
        <DCCReference Include="Domain\Reports\N_FactDeps.pas"/>
        <DCCReference Include="Domain\Reports\N_YearsCommonComparison.pas"/>
        <DCCReference Include="Domain\Reports\N_YearsStaffComparison.pas"/>
        <DCCReference Include="Domain\Reports\N_YearsLectComparison.pas"/>
        <DCCReference Include="Domain\Reports\N_PFODeps.pas"/>
        <DCCReference Include="Presentation\Dialogs\uNagruzkaAddPotokSemester.pas">
            <Form>frmAddPotokSemester</Form>
        </DCCReference>
        <DCCReference Include="Presentation\Dialogs\uNagruzkaEditPotokSemesterShemes.pas">
            <Form>frmNagruzkaEditPotokSemShemes</Form>
        </DCCReference>
        <DCCReference Include="Presentation\dialogs\uPostupdlg.pas">
            <Form>frmPostupDlg</Form>
        </DCCReference>
        <DCCReference Include="Presentation\Dialogs\uFindAbit.pas">
            <Form>frmFindAbit</Form>
        </DCCReference>
        <DCCReference Include="Presentation\Dialogs\uNagruzkaCalcUnits.pas">
            <Form>frmNagruzkaCalcUnits</Form>
        </DCCReference>
        <DCCReference Include="Domain\Reports\AbitVstupExams.pas"/>
        <DCCReference Include="Domain\Reports\AbitVstupExamStatistic.pas">
            <Form>/,</Form>
        </DCCReference>
        <DCCReference Include="Domain\Controllers\uFgosController.pas"/>
        <DCCReference Include="Presentation\Frames\uFgos.pas">
            <Form>fmFgos</Form>
            <DesignClass>TFrame</DesignClass>
        </DCCReference>
        <DCCReference Include="Data\uDMFgos.pas">
            <Form>dmFgos</Form>
            <DesignClass>TDataModule</DesignClass>
        </DCCReference>
        <DCCReference Include="Presentation\Dialogs\uChangeKatZach.pas">
            <Form>frmChangeKatZach</Form>
        </DCCReference>
        <DCCReference Include="Domain\Reports\N_FactPrepodsExecute.pas"/>
        <DCCReference Include="Presentation\Dialogs\uNagruzkaAdditionFactNagr.pas">
            <Form>frmAdditionFactNagr</Form>
        </DCCReference>
        <DCCReference Include="Domain\Classes\ConstantRepository.pas"/>
        <DCCReference Include="Domain\Reports\Fgos_Application12Report.pas"/>
        <DCCReference Include="Domain\Reports\Fgos_Application1Report.pas"/>
        <DCCReference Include="Domain\Reports\Fgos_Application2Report.pas"/>
        <DCCReference Include="Domain\Reports\Fgos_Application3Report.pas"/>
        <DCCReference Include="Domain\Reports\Fgos_Application4Report.pas"/>
        <DCCReference Include="Domain\Reports\Fgos_Application5Report.pas"/>
        <DCCReference Include="Presentation\dialogs\uUchPlanAddDisc.pas">
            <Form>frmUchPlanAddDisc</Form>
        </DCCReference>
        <DCCReference Include="Presentation\Dialogs\uAddDiscRelation.pas">
            <Form>frmAddDiscRelation</Form>
        </DCCReference>
        <DCCReference Include="Presentation\Dialogs\uAddDiscStrCompetence.pas">
            <Form>frmAddDiscStrCompetence</Form>
        </DCCReference>
        <DCCReference Include="Presentation\Dialogs\uFgosAddCompetence.pas">
            <Form>frmFgosAddCompetence</Form>
        </DCCReference>
        <DCCReference Include="Presentation\Dialogs\uFgosAddNew.pas">
            <Form>frmFgosAddNew</Form>
        </DCCReference>
        <DCCReference Include="Presentation\Dialogs\uFgosAddStructCompetence.pas">
            <Form>frmFgosAddStructCompetence</Form>
        </DCCReference>
        <DCCReference Include="Presentation\Dialogs\uFgosEditCompetence.pas">
            <Form>frmFgosEditCompetence</Form>
        </DCCReference>
        <DCCReference Include="Presentation\Dialogs\uFgosException.pas">
            <Form>frmFgosException</Form>
        </DCCReference>
        <DCCReference Include="Presentation\Dialogs\uFgosExceptionTable.pas">
            <Form>frmFgosExceptionTable</Form>
        </DCCReference>
        <DCCReference Include="Presentation\Dialogs\uFgosSformyrCompetence.pas">
            <Form>frmFgosSformyrCompetence</Form>
        </DCCReference>
        <DCCReference Include="Presentation\Dialogs\uAddDiscCompetence.pas">
            <Form>frmAddDiscCompetence</Form>
        </DCCReference>
        <DCCReference Include="Presentation\Dialogs\uNagruzkaDividePotok.pas">
            <Form>frmDividePotok</Form>
        </DCCReference>
        <DCCReference Include="Presentation\Dialogs\uDiplomStudSelect.pas">
            <Form>Form1</Form>
        </DCCReference>
        <DCCReference Include="Presentation\Dialogs\uCertificateDialog.pas">
            <Form>frmEGECertificateCheck</Form>
        </DCCReference>
        <DCCReference Include="ExternalServicesConsuming\EgeCheckService.pas"/>
        <DCCReference Include="Domain\Controllers\uXMLEGEReader.pas"/>
        <DCCReference Include="Domain\Reports\A_EGECertReport.pas"/>
        <DCCReference Include="Domain\Classes\DateFormat.pas"/>
        <DCCReference Include="Domain\Classes\DiscClasses.pas"/>
        <DCCReference Include="Domain\Reports\MW_DepFactRep.pas"/>
        <DCCReference Include="Domain\Reports\MW_DepPlanEditionRep.pas"/>
        <DCCReference Include="Domain\Reports\MW_DepPlanRep.pas"/>
        <DCCReference Include="Domain\Reports\D_AVGBalls.pas"/>
        <DCCReference Include="Domain\Reports\D_VedomostBRSLast.pas"/>
        <DCCReference Include="Utils\ProcessUtils.pas"/>
        <DCCReference Include="Utils\uPhotoBooth.pas"/>
        <DCCReference Include="Presentation\Forms\ImageFullSizeShowFrm.pas">
            <Form>ImageFullSizeShowForm</Form>
            <FormType>dfm</FormType>
        </DCCReference>
        <DCCReference Include="Domain\DBTV\DBDekTreeView_TEST.pas"/>
        <DCCReference Include="Domain\DBTV\DBTV.pas"/>
        <DCCReference Include="Domain\DBTV\DBTVAbitobj.pas"/>
        <DCCReference Include="Domain\DBTV\DBTVAbitYearObj.pas"/>
        <DCCReference Include="Domain\DBTV\DBTVAdminObj.pas"/>
        <DCCReference Include="Domain\DBTV\DBTVBusinessobj.pas"/>
        <DCCReference Include="Domain\DBTV\DBTVDekanat.pas"/>
        <DCCReference Include="Domain\DBTV\DBTVdepobj.pas"/>
        <DCCReference Include="Domain\DBTV\DBTVDepScheduleObj.pas"/>
        <DCCReference Include="Domain\DBTV\DBTVDictObj.pas"/>
        <DCCReference Include="Domain\DBTV\DBTVFacDepobj.pas"/>
        <DCCReference Include="Domain\DBTV\DBTVFacMethodWorkObj.pas"/>
        <DCCReference Include="Domain\DBTV\DBTVFacobj.pas"/>
        <DCCReference Include="Domain\DBTV\DBTVFacRecObj.pas"/>
        <DCCReference Include="Domain\DBTV\DBTVFacScheduleobj.pas"/>
        <DCCReference Include="Domain\DBTV\DBTVFacZachObj.pas"/>
        <DCCReference Include="Domain\DBTV\DBTVgroupobj.pas"/>
        <DCCReference Include="Domain\DBTV\DBTVHabitatsFloorObj.pas"/>
        <DCCReference Include="Domain\DBTV\DBTVHabitatsHostObj.pas"/>
        <DCCReference Include="Domain\DBTV\DBTVHabitatsObj.pas"/>
        <DCCReference Include="Domain\DBTV\DBTVHabitatsPersonObj.pas"/>
        <DCCReference Include="Domain\DBTV\DBTVHabitatsRoomObj.pas"/>
        <DCCReference Include="Domain\DBTV\DBTVHostelRequestObj.pas"/>
        <DCCReference Include="Domain\DBTV\DBTVHostelRootobj.pas"/>
        <DCCReference Include="Domain\DBTV\DBTVHostelRootPersonobj.pas"/>
        <DCCReference Include="Domain\DBTV\DBTVInviteHostObj.pas"/>
        <DCCReference Include="Domain\DBTV\DBTVInviteObj.pas"/>
        <DCCReference Include="Domain\DBTV\DBTVMethodWorkdepobj.pas"/>
        <DCCReference Include="Domain\DBTV\DBTVMethodWorkInNormobj.pas"/>
        <DCCReference Include="Domain\DBTV\DBTVMethodWorkobj.pas"/>
        <DCCReference Include="Domain\DBTV\DBTVMethodWorkTeacherobj.pas"/>
        <DCCReference Include="Domain\DBTV\DBTVObj.pas"/>
        <DCCReference Include="Domain\DBTV\DBTVOKobj.pas"/>
        <DCCReference Include="Domain\DBTV\DBTVPrikObj.pas"/>
        <DCCReference Include="Domain\DBTV\DBTVRecruitobj.pas"/>
        <DCCReference Include="Domain\DBTV\DBTVRIOObj.pas"/>
        <DCCReference Include="Domain\DBTV\DBTVRIOPlanObj.pas"/>
        <DCCReference Include="Domain\DBTV\DBTVRIOPrintOrderObj.pas"/>
        <DCCReference Include="Domain\DBTV\DBTVRIOYearObj.pas"/>
        <DCCReference Include="Domain\DBTV\DBTVRootobj.pas"/>
        <DCCReference Include="Domain\DBTV\DBTVRootScheduleobj.pas"/>
        <DCCReference Include="Domain\DBTV\DBTVScheduleObj.pas"/>
        <DCCReference Include="Domain\DBTV\DBTVSemesterNagrObj.pas"/>
        <DCCReference Include="Domain\DBTV\DBTVSemesterScheduleobj.pas"/>
        <DCCReference Include="Domain\DBTV\DBTVSpecObj.pas"/>
        <DCCReference Include="Domain\DBTV\DBTVSpecRecObj.pas"/>
        <DCCReference Include="Domain\DBTV\DBTVSpecZachObj.pas"/>
        <DCCReference Include="Domain\DBTV\DBTVStudAbitobj.pas"/>
        <DCCReference Include="Domain\DBTV\DBTVStudobj.pas"/>
        <DCCReference Include="Domain\DBTV\DBTVTeacherObj.pas"/>
        <DCCReference Include="Domain\DBTV\DBTVWorkTypeObj.pas"/>
        <DCCReference Include="Domain\DBTV\DBTVZachobj.pas"/>
        <DCCReference Include="Domain\DBTV\ShEvent.PAS"/>
        <DCCReference Include="Domain\Controllers\CommandController.pas"/>
        <DCCReference Include="Domain\Reports\BRSVedom2014.pas"/>
        <DCCReference Include="Domain\Classes\Vedomost2014.pas"/>
        <DCCReference Include="Domain\Classes\VedomostItem2014.pas"/>
        <DCCReference Include="Domain\Classes\Assemly_Report2014.pas"/>
        <DCCReference Include="Utils\GoogleQr.pas"/>
        <DCCReference Include="Domain\Reports\Spravka.pas"/>
        <DCCReference Include="Domain\Classes\SpravkaHistory2014.pas"/>
        <DCCReference Include="Domain\Classes\Spravka2014.pas"/>
        <DCCReference Include="Domain\Classes\SpravkaReport2014.pas"/>
        <DCCReference Include="Presentation\Dialogs\uChangePlanFromGrup.pas">
            <Form>frmChangeGrupPlan</Form>
            <FormType>dfm</FormType>
        </DCCReference>
        <DCCReference Include="Domain\Classes\DocumentClass.pas"/>
        <DCCReference Include="Domain\Controllers\PersonController.pas"/>
        <BuildConfiguration Include="Debug">
            <Key>Cfg_2</Key>
            <CfgParent>Base</CfgParent>
        </BuildConfiguration>
        <BuildConfiguration Include="Base">
            <Key>Base</Key>
        </BuildConfiguration>
        <BuildConfiguration Include="Release">
            <Key>Cfg_1</Key>
            <CfgParent>Base</CfgParent>
        </BuildConfiguration>
    </ItemGroup>
    <Import Project="$(APPDATA)\Embarcadero\$(BDSAPPDATABASEDIR)\$(PRODUCTVERSION)\UserTools.proj" Condition="Exists('$(APPDATA)\Embarcadero\$(BDSAPPDATABASEDIR)\$(PRODUCTVERSION)\UserTools.proj')"/>
    <Import Project="$(BDS)\Bin\CodeGear.Delphi.Targets" Condition="Exists('$(BDS)\Bin\CodeGear.Delphi.Targets')"/>
</Project>
